Microsoft Visual Studio Solution File, Format Version 12.00
# Visual Studio Version 17
VisualStudioVersion = 17.0.31903.59
MinimumVisualStudioVersion = 10.0.40219.1
Project("{FAE04EC0-301F-11D3-BF4B-00C04F79EFBC}") = "UltimateDuckovStatistics.Core", "src\UltimateDuckovStatistics.Core\UltimateDuckovStatistics.Core.csproj", "{51C6718A-7C17-48BF-A921-19FE68F27B32}"
EndProject
Project("{FAE04EC0-301F-11D3-BF4B-00C04F79EFBC}") = "UltimateDuckovStatistics", "src\UltimateDuckovStatistics\UltimateDuckovStatistics.csproj", "{B1CD7355-0F36-4928-91EE-5BD87D08FCBE}"
EndProject
Project("{FAE04EC0-301F-11D3-BF4B-00C04F79EFBC}") = "UltimateDuckovStatistics.Tests", "tests\UltimateDuckovStatistics.Tests\UltimateDuckovStatistics.Tests.csproj", "{E70927CE-C144-4930-AD55-2EA4B4585A77}"
EndProject
Project("{FAE04EC0-301F-11D3-BF4B-00C04F79EFBC}") = "DuckovContractProbe", "tools\DuckovContractProbe\DuckovContractProbe.csproj", "{64EFF6C0-167D-4D61-8158-3D5A0C72D8B9}"
EndProject
Project("{FAE04EC0-301F-11D3-BF4B-00C04F79EFBC}") = "FrameTimeAnalyzer", "tools\FrameTimeAnalyzer\FrameTimeAnalyzer.csproj", "{91FE6AAF-E704-48F5-A9E6-4576A8B9AE61}"
EndProject
Global
	GlobalSection(SolutionConfigurationPlatforms) = preSolution
		Debug|Any CPU = Debug|Any CPU
		Release|Any CPU = Release|Any CPU
	EndGlobalSection
	GlobalSection(ProjectConfigurationPlatforms) = postSolution
		{51C6718A-7C17-48BF-A921-19FE68F27B32}.Debug|Any CPU.ActiveCfg = Debug|Any CPU
		{51C6718A-7C17-48BF-A921-19FE68F27B32}.Debug|Any CPU.Build.0 = Debug|Any CPU
		{51C6718A-7C17-48BF-A921-19FE68F27B32}.Release|Any CPU.ActiveCfg = Release|Any CPU
		{51C6718A-7C17-48BF-A921-19FE68F27B32}.Release|Any CPU.Build.0 = Release|Any CPU
		{B1CD7355-0F36-4928-91EE-5BD87D08FCBE}.Debug|Any CPU.ActiveCfg = Debug|Any CPU
		{B1CD7355-0F36-4928-91EE-5BD87D08FCBE}.Debug|Any CPU.Build.0 = Debug|Any CPU
		{B1CD7355-0F36-4928-91EE-5BD87D08FCBE}.Release|Any CPU.ActiveCfg = Release|Any CPU
		{B1CD7355-0F36-4928-91EE-5BD87D08FCBE}.Release|Any CPU.Build.0 = Release|Any CPU
		{E70927CE-C144-4930-AD55-2EA4B4585A77}.Debug|Any CPU.ActiveCfg = Debug|Any CPU
		{E70927CE-C144-4930-AD55-2EA4B4585A77}.Debug|Any CPU.Build.0 = Debug|Any CPU
		{E70927CE-C144-4930-AD55-2EA4B4585A77}.Release|Any CPU.ActiveCfg = Release|Any CPU
		{E70927CE-C144-4930-AD55-2EA4B4585A77}.Release|Any CPU.Build.0 = Release|Any CPU
		{64EFF6C0-167D-4D61-8158-3D5A0C72D8B9}.Debug|Any CPU.ActiveCfg = Debug|Any CPU
		{64EFF6C0-167D-4D61-8158-3D5A0C72D8B9}.Debug|Any CPU.Build.0 = Debug|Any CPU
		{64EFF6C0-167D-4D61-8158-3D5A0C72D8B9}.Release|Any CPU.ActiveCfg = Release|Any CPU
		{64EFF6C0-167D-4D61-8158-3D5A0C72D8B9}.Release|Any CPU.Build.0 = Release|Any CPU
		{91FE6AAF-E704-48F5-A9E6-4576A8B9AE61}.Debug|Any CPU.ActiveCfg = Debug|Any CPU
		{91FE6AAF-E704-48F5-A9E6-4576A8B9AE61}.Debug|Any CPU.Build.0 = Debug|Any CPU
		{91FE6AAF-E704-48F5-A9E6-4576A8B9AE61}.Release|Any CPU.ActiveCfg = Release|Any CPU
		{91FE6AAF-E704-48F5-A9E6-4576A8B9AE61}.Release|Any CPU.Build.0 = Release|Any CPU
	EndGlobalSection
EndGlobal
